<Solution>
  <Folder Name="/Solution Items/">
    <File Path="AGENTS.md" />
    <File Path="WORKING-AGREEMENT.md" />
    <File Path="PLAN.md" />
    <File Path="README.md" />
    <File Path="docs/runtime-plan.md" />
  </Folder>
  <Folder Name="/src/">
    <Project Path="src/TinyBus/TinyBus.csproj" />
    <Project Path="src/TinyBus.PostgreSql/TinyBus.PostgreSql.csproj" />
    <Project Path="src/TinyBus.RabbitMq/TinyBus.RabbitMq.csproj" />
    <Project Path="src/TinyBus.SourceGen/TinyBus.SourceGen.csproj" />
  </Folder>
  <Folder Name="/tests/">
    <Project Path="tests/TinyBus.PostgreSql.Tests/TinyBus.PostgreSql.Tests.csproj" />
    <Project Path="tests/TinyBus.RabbitMq.Tests/TinyBus.RabbitMq.Tests.csproj" />
    <Project Path="tests/TinyBus.Tests/TinyBus.Tests.csproj" />
    <Project Path="tests/TinyBus.SourceGen.Tests/TinyBus.SourceGen.Tests.csproj" />
  </Folder>
  <Folder Name="/samples/">
    <Project Path="samples/TinyBus.Sample.Contracts/TinyBus.Sample.Contracts.csproj" />
    <Project Path="samples/TinyBus.Sample.Host/TinyBus.Sample.Host.csproj" />
    <Project Path="samples/TinyBus.Sample.Orders/TinyBus.Sample.Orders.csproj" />
    <Project Path="samples/TinyBus.Sample.Payments/TinyBus.Sample.Payments.csproj" />
  </Folder>
</Solution>
